
Microsoft Visual Studio Solution File, Format Version 12.00
# Visual Studio Version 17
VisualStudioVersion = 17.4.33213.308
MinimumVisualStudioVersion = 10.0.40219.1
Project("{2150E333-8FDC-42A3-9474-1A3956D46DE8}") = "Tests", "Tests", "{7938C165-339C-49A7-95F3-312FA3A8865D}"
EndProject
Project("{2150E333-8FDC-42A3-9474-1A3956D46DE8}") = "Src", "Src", "{CCFDACF5-F673-4419-9322-9D810EB8E957}"
EndProject
Project("{9A19103F-16F7-4668-BE54-9A1E7A4F7556}") = "OnlineShop.Domain", "OnlineShop.Domain\OnlineShop.Domain.csproj", "{F1F9EA6D-3F1E-4438-B639-0064050D6D95}"
EndProject
Project("{9A19103F-16F7-4668-BE54-9A1E7A4F7556}") = "OnlineShop.Infrastructure", "OnlineShop.Infrastructure\OnlineShop.Infrastructure.csproj", "{1786132B-CA99-4A7C-B292-EEE14C9FD296}"
EndProject
Project("{9A19103F-16F7-4668-BE54-9A1E7A4F7556}") = "OnlineShop.Api", "OnlineShop.Api\OnlineShop.Api.csproj", "{A4AB9ED6-9200-449E-8ED9-912919C1C75F}"
EndProject
Project("{9A19103F-16F7-4668-BE54-9A1E7A4F7556}") = "OnlineShop.Application", "OnlineShop.Application\OnlineShop.Application.csproj", "{A5FC2239-EB26-4320-B8B2-1EADBED5E801}"
EndProject
Project("{FAE04EC0-301F-11D3-BF4B-00C04F79EFBC}") = "UnitTests", "UnitTests\UnitTests.csproj", "{A5434294-9212-4043-A880-9E8475F3C3B2}"
EndProject
Global
	GlobalSection(SolutionConfigurationPlatforms) = preSolution
		Debug|Any CPU = Debug|Any CPU
		Release|Any CPU = Release|Any CPU
	EndGlobalSection
	GlobalSection(ProjectConfigurationPlatforms) = postSolution
		{F1F9EA6D-3F1E-4438-B639-0064050D6D95}.Debug|Any CPU.ActiveCfg = Debug|Any CPU
		{F1F9EA6D-3F1E-4438-B639-0064050D6D95}.Debug|Any CPU.Build.0 = Debug|Any CPU
		{F1F9EA6D-3F1E-4438-B639-0064050D6D95}.Release|Any CPU.ActiveCfg = Release|Any CPU
		{F1F9EA6D-3F1E-4438-B639-0064050D6D95}.Release|Any CPU.Build.0 = Release|Any CPU
		{1786132B-CA99-4A7C-B292-EEE14C9FD296}.Debug|Any CPU.ActiveCfg = Debug|Any CPU
		{1786132B-CA99-4A7C-B292-EEE14C9FD296}.Debug|Any CPU.Build.0 = Debug|Any CPU
		{1786132B-CA99-4A7C-B292-EEE14C9FD296}.Release|Any CPU.ActiveCfg = Release|Any CPU
		{1786132B-CA99-4A7C-B292-EEE14C9FD296}.Release|Any CPU.Build.0 = Release|Any CPU
		{A4AB9ED6-9200-449E-8ED9-912919C1C75F}.Debug|Any CPU.ActiveCfg = Debug|Any CPU
		{A4AB9ED6-9200-449E-8ED9-912919C1C75F}.Debug|Any CPU.Build.0 = Debug|Any CPU
		{A4AB9ED6-9200-449E-8ED9-912919C1C75F}.Release|Any CPU.ActiveCfg = Release|Any CPU
		{A4AB9ED6-9200-449E-8ED9-912919C1C75F}.Release|Any CPU.Build.0 = Release|Any CPU
		{A5FC2239-EB26-4320-B8B2-1EADBED5E801}.Debug|Any CPU.ActiveCfg = Debug|Any CPU
		{A5FC2239-EB26-4320-B8B2-1EADBED5E801}.Debug|Any CPU.Build.0 = Debug|Any CPU
		{A5FC2239-EB26-4320-B8B2-1EADBED5E801}.Release|Any CPU.ActiveCfg = Release|Any CPU
		{A5FC2239-EB26-4320-B8B2-1EADBED5E801}.Release|Any CPU.Build.0 = Release|Any CPU
		{A5434294-9212-4043-A880-9E8475F3C3B2}.Debug|Any CPU.ActiveCfg = Debug|Any CPU
		{A5434294-9212-4043-A880-9E8475F3C3B2}.Debug|Any CPU.Build.0 = Debug|Any CPU
		{A5434294-9212-4043-A880-9E8475F3C3B2}.Release|Any CPU.ActiveCfg = Release|Any CPU
		{A5434294-9212-4043-A880-9E8475F3C3B2}.Release|Any CPU.Build.0 = Release|Any CPU
	EndGlobalSection
	GlobalSection(SolutionProperties) = preSolution
		HideSolutionNode = FALSE
	EndGlobalSection
	GlobalSection(NestedProjects) = preSolution
		{F1F9EA6D-3F1E-4438-B639-0064050D6D95} = {CCFDACF5-F673-4419-9322-9D810EB8E957}
		{1786132B-CA99-4A7C-B292-EEE14C9FD296} = {CCFDACF5-F673-4419-9322-9D810EB8E957}
		{A4AB9ED6-9200-449E-8ED9-912919C1C75F} = {CCFDACF5-F673-4419-9322-9D810EB8E957}
		{A5FC2239-EB26-4320-B8B2-1EADBED5E801} = {CCFDACF5-F673-4419-9322-9D810EB8E957}
		{A5434294-9212-4043-A880-9E8475F3C3B2} = {7938C165-339C-49A7-95F3-312FA3A8865D}
	EndGlobalSection
	GlobalSection(ExtensibilityGlobals) = postSolution
		SolutionGuid = {4E1A27AD-C221-4029-BEF6-241D0751145E}
	EndGlobalSection
EndGlobal
